
Microsoft Visual Studio Solution File, Format Version 12.00
# Visual Studio Version 17
VisualStudioVersion = 17.0.31903.59
MinimumVisualStudioVersion = 10.0.40219.1
Project("{FAE04EC0-301F-11D3-BF4B-00C04F79EFBC}") = "Ch01.Entities", "Ch01.Entities\Ch01.Entities.csproj", "{EB4F1D0F-BFBE-4E95-8BE5-91AEF4F35B68}"
EndProject
Project("{FAE04EC0-301F-11D3-BF4B-00C04F79EFBC}") = "Ch01.Entities.UnitTest", "Ch01.Entities.UnitTest\Ch01.Entities.UnitTest.csproj", "{3D798E89-A364-489E-984B-85765E2AD453}"
EndProject
Project("{FAE04EC0-301F-11D3-BF4B-00C04F79EFBC}") = "Ch01.UseCases", "Ch01.UseCases\Ch01.UseCases.csproj", "{31D2D178-42D1-48E0-BC09-26C18B5BA18E}"
EndProject
Project("{FAE04EC0-301F-11D3-BF4B-00C04F79EFBC}") = "Ch01.UseCases.UnitTest", "Ch01.UseCases.UnitTest\Ch01.UseCases.UnitTest.csproj", "{2CA94666-3AE2-48E5-A31E-92A2F857BE97}"
EndProject
Global
	GlobalSection(SolutionConfigurationPlatforms) = preSolution
		Debug|Any CPU = Debug|Any CPU
		Release|Any CPU = Release|Any CPU
	EndGlobalSection
	GlobalSection(SolutionProperties) = preSolution
		HideSolutionNode = FALSE
	EndGlobalSection
	GlobalSection(ProjectConfigurationPlatforms) = postSolution
		{EB4F1D0F-BFBE-4E95-8BE5-91AEF4F35B68}.Debug|Any CPU.ActiveCfg = Debug|Any CPU
		{EB4F1D0F-BFBE-4E95-8BE5-91AEF4F35B68}.Debug|Any CPU.Build.0 = Debug|Any CPU
		{EB4F1D0F-BFBE-4E95-8BE5-91AEF4F35B68}.Release|Any CPU.ActiveCfg = Release|Any CPU
		{EB4F1D0F-BFBE-4E95-8BE5-91AEF4F35B68}.Release|Any CPU.Build.0 = Release|Any CPU
		{3D798E89-A364-489E-984B-85765E2AD453}.Debug|Any CPU.ActiveCfg = Debug|Any CPU
		{3D798E89-A364-489E-984B-85765E2AD453}.Debug|Any CPU.Build.0 = Debug|Any CPU
		{3D798E89-A364-489E-984B-85765E2AD453}.Release|Any CPU.ActiveCfg = Release|Any CPU
		{3D798E89-A364-489E-984B-85765E2AD453}.Release|Any CPU.Build.0 = Release|Any CPU
		{31D2D178-42D1-48E0-BC09-26C18B5BA18E}.Debug|Any CPU.ActiveCfg = Debug|Any CPU
		{31D2D178-42D1-48E0-BC09-26C18B5BA18E}.Debug|Any CPU.Build.0 = Debug|Any CPU
		{31D2D178-42D1-48E0-BC09-26C18B5BA18E}.Release|Any CPU.ActiveCfg = Release|Any CPU
		{31D2D178-42D1-48E0-BC09-26C18B5BA18E}.Release|Any CPU.Build.0 = Release|Any CPU
		{2CA94666-3AE2-48E5-A31E-92A2F857BE97}.Debug|Any CPU.ActiveCfg = Debug|Any CPU
		{2CA94666-3AE2-48E5-A31E-92A2F857BE97}.Debug|Any CPU.Build.0 = Debug|Any CPU
		{2CA94666-3AE2-48E5-A31E-92A2F857BE97}.Release|Any CPU.ActiveCfg = Release|Any CPU
		{2CA94666-3AE2-48E5-A31E-92A2F857BE97}.Release|Any CPU.Build.0 = Release|Any CPU
	EndGlobalSection
EndGlobal
