
Microsoft Visual Studio Solution File, Format Version 12.00
# Visual Studio Version 17
VisualStudioVersion = 17.0.31903.59
MinimumVisualStudioVersion = 10.0.40219.1
Project("{2150E333-8FDC-42A3-9474-1A3956D46DE8}") = "Src", "Src", "{D535C67E-7D11-424E-8F73-ABDD9B8851D1}"
EndProject
Project("{FAE04EC0-301F-11D3-BF4B-00C04F79EFBC}") = "Ch01.Entities", "Src\Ch01.Entities\Ch01.Entities.csproj", "{C2B76D7E-129A-41B3-B1E9-B7DC2D4D3222}"
EndProject
Project("{FAE04EC0-301F-11D3-BF4B-00C04F79EFBC}") = "Ch01.UseCases", "Src\Ch01.UseCases\Ch01.UseCases.csproj", "{CDE8DBC0-8B0A-43EE-9114-4BB48522AAE2}"
EndProject
Project("{2150E333-8FDC-42A3-9474-1A3956D46DE8}") = "Tests", "Tests", "{2DDA818B-8A4F-44F8-A34C-B203E8524C5A}"
EndProject
Project("{FAE04EC0-301F-11D3-BF4B-00C04F79EFBC}") = "Ch01.Entities.UnitTest", "Tests\Ch01.Entities.UnitTest\Ch01.Entities.UnitTest.csproj", "{8CE207C6-B9EC-457D-A8C1-5A30274C027E}"
EndProject
Project("{FAE04EC0-301F-11D3-BF4B-00C04F79EFBC}") = "Ch01.UseCases.UnitTest", "Tests\Ch01.UseCases.UnitTest\Ch01.UseCases.UnitTest.csproj", "{DEC28CFD-62CA-4BE2-B546-AA1C2EBCB2AE}"
EndProject
Global
	GlobalSection(SolutionProperties) = preSolution
		HideSolutionNode = FALSE
	EndGlobalSection
	GlobalSection(SolutionConfigurationPlatforms) = preSolution
		Debug|Any CPU = Debug|Any CPU
		Debug|x64 = Debug|x64
		Debug|x86 = Debug|x86
		Release|Any CPU = Release|Any CPU
		Release|x64 = Release|x64
		Release|x86 = Release|x86
	EndGlobalSection
	GlobalSection(ProjectConfigurationPlatforms) = postSolution
		{C2B76D7E-129A-41B3-B1E9-B7DC2D4D3222}.Debug|Any CPU.ActiveCfg = Debug|Any CPU
		{C2B76D7E-129A-41B3-B1E9-B7DC2D4D3222}.Debug|Any CPU.Build.0 = Debug|Any CPU
		{C2B76D7E-129A-41B3-B1E9-B7DC2D4D3222}.Debug|x64.ActiveCfg = Debug|Any CPU
		{C2B76D7E-129A-41B3-B1E9-B7DC2D4D3222}.Debug|x64.Build.0 = Debug|Any CPU
		{C2B76D7E-129A-41B3-B1E9-B7DC2D4D3222}.Debug|x86.ActiveCfg = Debug|Any CPU
		{C2B76D7E-129A-41B3-B1E9-B7DC2D4D3222}.Debug|x86.Build.0 = Debug|Any CPU
		{C2B76D7E-129A-41B3-B1E9-B7DC2D4D3222}.Release|Any CPU.ActiveCfg = Release|Any CPU
		{C2B76D7E-129A-41B3-B1E9-B7DC2D4D3222}.Release|Any CPU.Build.0 = Release|Any CPU
		{C2B76D7E-129A-41B3-B1E9-B7DC2D4D3222}.Release|x64.ActiveCfg = Release|Any CPU
		{C2B76D7E-129A-41B3-B1E9-B7DC2D4D3222}.Release|x64.Build.0 = Release|Any CPU
		{C2B76D7E-129A-41B3-B1E9-B7DC2D4D3222}.Release|x86.ActiveCfg = Release|Any CPU
		{C2B76D7E-129A-41B3-B1E9-B7DC2D4D3222}.Release|x86.Build.0 = Release|Any CPU
		{CDE8DBC0-8B0A-43EE-9114-4BB48522AAE2}.Debug|Any CPU.ActiveCfg = Debug|Any CPU
		{CDE8DBC0-8B0A-43EE-9114-4BB48522AAE2}.Debug|Any CPU.Build.0 = Debug|Any CPU
		{CDE8DBC0-8B0A-43EE-9114-4BB48522AAE2}.Debug|x64.ActiveCfg = Debug|Any CPU
		{CDE8DBC0-8B0A-43EE-9114-4BB48522AAE2}.Debug|x64.Build.0 = Debug|Any CPU
		{CDE8DBC0-8B0A-43EE-9114-4BB48522AAE2}.Debug|x86.ActiveCfg = Debug|Any CPU
		{CDE8DBC0-8B0A-43EE-9114-4BB48522AAE2}.Debug|x86.Build.0 = Debug|Any CPU
		{CDE8DBC0-8B0A-43EE-9114-4BB48522AAE2}.Release|Any CPU.ActiveCfg = Release|Any CPU
		{CDE8DBC0-8B0A-43EE-9114-4BB48522AAE2}.Release|Any CPU.Build.0 = Release|Any CPU
		{CDE8DBC0-8B0A-43EE-9114-4BB48522AAE2}.Release|x64.ActiveCfg = Release|Any CPU
		{CDE8DBC0-8B0A-43EE-9114-4BB48522AAE2}.Release|x64.Build.0 = Release|Any CPU
		{CDE8DBC0-8B0A-43EE-9114-4BB48522AAE2}.Release|x86.ActiveCfg = Release|Any CPU
		{CDE8DBC0-8B0A-43EE-9114-4BB48522AAE2}.Release|x86.Build.0 = Release|Any CPU
		{8CE207C6-B9EC-457D-A8C1-5A30274C027E}.Debug|Any CPU.ActiveCfg = Debug|Any CPU
		{8CE207C6-B9EC-457D-A8C1-5A30274C027E}.Debug|Any CPU.Build.0 = Debug|Any CPU
		{8CE207C6-B9EC-457D-A8C1-5A30274C027E}.Debug|x64.ActiveCfg = Debug|Any CPU
		{8CE207C6-B9EC-457D-A8C1-5A30274C027E}.Debug|x64.Build.0 = Debug|Any CPU
		{8CE207C6-B9EC-457D-A8C1-5A30274C027E}.Debug|x86.ActiveCfg = Debug|Any CPU
		{8CE207C6-B9EC-457D-A8C1-5A30274C027E}.Debug|x86.Build.0 = Debug|Any CPU
		{8CE207C6-B9EC-457D-A8C1-5A30274C027E}.Release|Any CPU.ActiveCfg = Release|Any CPU
		{8CE207C6-B9EC-457D-A8C1-5A30274C027E}.Release|Any CPU.Build.0 = Release|Any CPU
		{8CE207C6-B9EC-457D-A8C1-5A30274C027E}.Release|x64.ActiveCfg = Release|Any CPU
		{8CE207C6-B9EC-457D-A8C1-5A30274C027E}.Release|x64.Build.0 = Release|Any CPU
		{8CE207C6-B9EC-457D-A8C1-5A30274C027E}.Release|x86.ActiveCfg = Release|Any CPU
		{8CE207C6-B9EC-457D-A8C1-5A30274C027E}.Release|x86.Build.0 = Release|Any CPU
		{DEC28CFD-62CA-4BE2-B546-AA1C2EBCB2AE}.Debug|Any CPU.ActiveCfg = Debug|Any CPU
		{DEC28CFD-62CA-4BE2-B546-AA1C2EBCB2AE}.Debug|Any CPU.Build.0 = Debug|Any CPU
		{DEC28CFD-62CA-4BE2-B546-AA1C2EBCB2AE}.Debug|x64.ActiveCfg = Debug|Any CPU
		{DEC28CFD-62CA-4BE2-B546-AA1C2EBCB2AE}.Debug|x64.Build.0 = Debug|Any CPU
		{DEC28CFD-62CA-4BE2-B546-AA1C2EBCB2AE}.Debug|x86.ActiveCfg = Debug|Any CPU
		{DEC28CFD-62CA-4BE2-B546-AA1C2EBCB2AE}.Debug|x86.Build.0 = Debug|Any CPU
		{DEC28CFD-62CA-4BE2-B546-AA1C2EBCB2AE}.Release|Any CPU.ActiveCfg = Release|Any CPU
		{DEC28CFD-62CA-4BE2-B546-AA1C2EBCB2AE}.Release|Any CPU.Build.0 = Release|Any CPU
		{DEC28CFD-62CA-4BE2-B546-AA1C2EBCB2AE}.Release|x64.ActiveCfg = Release|Any CPU
		{DEC28CFD-62CA-4BE2-B546-AA1C2EBCB2AE}.Release|x64.Build.0 = Release|Any CPU
		{DEC28CFD-62CA-4BE2-B546-AA1C2EBCB2AE}.Release|x86.ActiveCfg = Release|Any CPU
		{DEC28CFD-62CA-4BE2-B546-AA1C2EBCB2AE}.Release|x86.Build.0 = Release|Any CPU
	EndGlobalSection
	GlobalSection(NestedProjects) = preSolution
		{C2B76D7E-129A-41B3-B1E9-B7DC2D4D3222} = {D535C67E-7D11-424E-8F73-ABDD9B8851D1}
		{CDE8DBC0-8B0A-43EE-9114-4BB48522AAE2} = {D535C67E-7D11-424E-8F73-ABDD9B8851D1}
		{8CE207C6-B9EC-457D-A8C1-5A30274C027E} = {2DDA818B-8A4F-44F8-A34C-B203E8524C5A}
		{DEC28CFD-62CA-4BE2-B546-AA1C2EBCB2AE} = {2DDA818B-8A4F-44F8-A34C-B203E8524C5A}
	EndGlobalSection
EndGlobal
